
Microsoft Visual Studio Solution File, Format Version 12.00
# Visual Studio Version 17
VisualStudioVersion = 17.1.32414.318
MinimumVisualStudioVersion = 10.0.40219.1
Project("{FAE04EC0-301F-11D3-BF4B-00C04F79EFBC}") = "Repairing_the_Clocktower", "Repairing_the_Clocktower.csproj", "{A428DD2F-503A-490E-883F-F7C7516841B6}"
EndProject
Global
	GlobalSection(SolutionConfigurationPlatforms) = preSolution
		Debug|Any CPU = Debug|Any CPU
		Release|Any CPU = Release|Any CPU
	EndGlobalSection
	GlobalSection(ProjectConfigurationPlatforms) = postSolution
		{A428DD2F-503A-490E-883F-F7C7516841B6}.Debug|Any CPU.ActiveCfg = Debug|Any CPU
		{A428DD2F-503A-490E-883F-F7C7516841B6}.Debug|Any CPU.Build.0 = Debug|Any CPU
		{A428DD2F-503A-490E-883F-F7C7516841B6}.Release|Any CPU.ActiveCfg = Release|Any CPU
		{A428DD2F-503A-490E-883F-F7C7516841B6}.Release|Any CPU.Build.0 = Release|Any CPU
	EndGlobalSection
	GlobalSection(SolutionProperties) = preSolution
		HideSolutionNode = FALSE
	EndGlobalSection
	GlobalSection(ExtensibilityGlobals) = postSolution
		SolutionGuid = {A6608BBA-DC81-451C-9544-366DD2F7F09A}
	EndGlobalSection
EndGlobal
