
Microsoft Visual Studio Solution File, Format Version 12.00
# Visual Studio Version 17
VisualStudioVersion = 17.2.32505.173
MinimumVisualStudioVersion = 10.0.40219.1
Project("{FAE04EC0-301F-11D3-BF4B-00C04F79EFBC}") = "The_Four_Sisters_and_the_Duckbear", "The_Four_Sisters_and_the_Duckbear.csproj", "{7A0934FC-C992-4BE7-8AAD-25B2923859AB}"
EndProject
Global
	GlobalSection(SolutionConfigurationPlatforms) = preSolution
		Debug|Any CPU = Debug|Any CPU
		Release|Any CPU = Release|Any CPU
	EndGlobalSection
	GlobalSection(ProjectConfigurationPlatforms) = postSolution
		{7A0934FC-C992-4BE7-8AAD-25B2923859AB}.Debug|Any CPU.ActiveCfg = Debug|Any CPU
		{7A0934FC-C992-4BE7-8AAD-25B2923859AB}.Debug|Any CPU.Build.0 = Debug|Any CPU
		{7A0934FC-C992-4BE7-8AAD-25B2923859AB}.Release|Any CPU.ActiveCfg = Release|Any CPU
		{7A0934FC-C992-4BE7-8AAD-25B2923859AB}.Release|Any CPU.Build.0 = Release|Any CPU
	EndGlobalSection
	GlobalSection(SolutionProperties) = preSolution
		HideSolutionNode = FALSE
	EndGlobalSection
	GlobalSection(ExtensibilityGlobals) = postSolution
		SolutionGuid = {7B1CD09E-748E-44B1-9B4C-7A9D53C3EBAC}
	EndGlobalSection
EndGlobal
