
Microsoft Visual Studio Solution File, Format Version 12.00
# Visual Studio Version 17
VisualStudioVersion = 17.2.32505.173
MinimumVisualStudioVersion = 10.0.40219.1
Project("{FAE04EC0-301F-11D3-BF4B-00C04F79EFBC}") = "Buying_Inventory", "Buying_Inventory.csproj", "{FEC6DF83-6D65-4001-8EAD-350F96427F5A}"
EndProject
Global
	GlobalSection(SolutionConfigurationPlatforms) = preSolution
		Debug|Any CPU = Debug|Any CPU
		Release|Any CPU = Release|Any CPU
	EndGlobalSection
	GlobalSection(ProjectConfigurationPlatforms) = postSolution
		{FEC6DF83-6D65-4001-8EAD-350F96427F5A}.Debug|Any CPU.ActiveCfg = Debug|Any CPU
		{FEC6DF83-6D65-4001-8EAD-350F96427F5A}.Debug|Any CPU.Build.0 = Debug|Any CPU
		{FEC6DF83-6D65-4001-8EAD-350F96427F5A}.Release|Any CPU.ActiveCfg = Release|Any CPU
		{FEC6DF83-6D65-4001-8EAD-350F96427F5A}.Release|Any CPU.Build.0 = Release|Any CPU
	EndGlobalSection
	GlobalSection(SolutionProperties) = preSolution
		HideSolutionNode = FALSE
	EndGlobalSection
	GlobalSection(ExtensibilityGlobals) = postSolution
		SolutionGuid = {9C960000-4E5C-49B2-9651-B477DABDFE73}
	EndGlobalSection
EndGlobal
